{
  "name": "connect-sandbox-web",
  "lockfileVersion": 3,
  "requires": true,
  "packages": {
    "": {
      "name": "connect-sandbox-web",
      "dependencies": {
        "@bufbuild/protobuf": "^1.0.0"
      }
    },
    "node_modules/@bufbuild/protobuf": {
      "version": "1.1.1",
      "resolved": "https://registry.npmjs.org/@bufbuild/protobuf/-/protobuf-1.1.1.tgz",
      "integrity": "sha512-1dS2m3jabfW2XL2K6//41wZkO4XJOZtpe0bKLuta0BvK5LxNRyUBSSN5835n3bIFiNJKFWhDnzZEMrV7QVGFfQ=="
    }
  }
}
